
Microsoft Visual Studio Solution File, Format Version 12.00
# Visual Studio Version 17
VisualStudioVersion = 17.0.31903.59
MinimumVisualStudioVersion = 10.0.40219.1
Project("{9A19103F-16F7-4668-BE54-9A1E7A4F7556}") = "UnitTestingConsoleApps", "UnitTestingConsoleApps\UnitTestingConsoleApps.csproj", "{D8F9A567-14E5-4B92-8AA7-741FAC831346}"
EndProject
Project("{9A19103F-16F7-4668-BE54-9A1E7A4F7556}") = "UnitTestingConsoleApps.Tests", "UnitTestingConsoleApps.Tests\UnitTestingConsoleApps.Tests.csproj", "{D2150A6C-8301-4E55-AB65-568F71045ECE}"
EndProject
Global
	GlobalSection(SolutionConfigurationPlatforms) = preSolution
		Debug|Any CPU = Debug|Any CPU
		Release|Any CPU = Release|Any CPU
	EndGlobalSection
	GlobalSection(ProjectConfigurationPlatforms) = postSolution
		{D8F9A567-14E5-4B92-8AA7-741FAC831346}.Debug|Any CPU.ActiveCfg = Debug|Any CPU
		{D8F9A567-14E5-4B92-8AA7-741FAC831346}.Debug|Any CPU.Build.0 = Debug|Any CPU
		{D8F9A567-14E5-4B92-8AA7-741FAC831346}.Release|Any CPU.ActiveCfg = Release|Any CPU
		{D8F9A567-14E5-4B92-8AA7-741FAC831346}.Release|Any CPU.Build.0 = Release|Any CPU
		{D2150A6C-8301-4E55-AB65-568F71045ECE}.Debug|Any CPU.ActiveCfg = Debug|Any CPU
		{D2150A6C-8301-4E55-AB65-568F71045ECE}.Debug|Any CPU.Build.0 = Debug|Any CPU
		{D2150A6C-8301-4E55-AB65-568F71045ECE}.Release|Any CPU.ActiveCfg = Release|Any CPU
		{D2150A6C-8301-4E55-AB65-568F71045ECE}.Release|Any CPU.Build.0 = Release|Any CPU
	EndGlobalSection
	GlobalSection(SolutionProperties) = preSolution
		HideSolutionNode = FALSE
	EndGlobalSection
	GlobalSection(ExtensibilityGlobals) = postSolution
		SolutionGuid = {B2138CD4-3234-4529-8675-381D7313C380}
	EndGlobalSection
EndGlobal
